
Microsoft Visual Studio Solution File, Format Version 12.00
# Visual Studio Version 16
VisualStudioVersion = 16.0.30907.101
MinimumVisualStudioVersion = 10.0.40219.1
Project("{FAE04EC0-301F-11D3-BF4B-00C04F79EFBC}") = "SalesAndDealsAPI", "SalesAndDealsAPI\SalesAndDealsAPI.csproj", "{46EFF75D-A116-4A81-A581-75CB34942D77}"
EndProject
Global
	GlobalSection(SolutionConfigurationPlatforms) = preSolution
		Debug|Any CPU = Debug|Any CPU
		Release|Any CPU = Release|Any CPU
	EndGlobalSection
	GlobalSection(ProjectConfigurationPlatforms) = postSolution
		{46EFF75D-A116-4A81-A581-75CB34942D77}.Debug|Any CPU.ActiveCfg = Debug|Any CPU
		{46EFF75D-A116-4A81-A581-75CB34942D77}.Debug|Any CPU.Build.0 = Debug|Any CPU
		{46EFF75D-A116-4A81-A581-75CB34942D77}.Release|Any CPU.ActiveCfg = Release|Any CPU
		{46EFF75D-A116-4A81-A581-75CB34942D77}.Release|Any CPU.Build.0 = Release|Any CPU
	EndGlobalSection
	GlobalSection(SolutionProperties) = preSolution
		HideSolutionNode = FALSE
	EndGlobalSection
	GlobalSection(ExtensibilityGlobals) = postSolution
		SolutionGuid = {67CD4A54-519D-4C11-9FDE-5B07469C5B79}
	EndGlobalSection
EndGlobal
